
Microsoft Visual Studio Solution File, Format Version 12.00
# Visual Studio Version 16
VisualStudioVersion = 16.0.30011.22
MinimumVisualStudioVersion = 10.0.40219.1
Project("{8BC9CEB8-8B4A-11D0-8D11-00A0C91BC942}") = "studentTestScore", "studentTestScore\studentTestScore.vcxproj", "{F0E88F15-1185-4C97-A078-4C6A1DCD0908}"
EndProject
Global
	GlobalSection(SolutionConfigurationPlatforms) = preSolution
		Debug|x64 = Debug|x64
		Debug|x86 = Debug|x86
		Release|x64 = Release|x64
		Release|x86 = Release|x86
	EndGlobalSection
	GlobalSection(ProjectConfigurationPlatforms) = postSolution
		{F0E88F15-1185-4C97-A078-4C6A1DCD0908}.Debug|x64.ActiveCfg = Debug|x64
		{F0E88F15-1185-4C97-A078-4C6A1DCD0908}.Debug|x64.Build.0 = Debug|x64
		{F0E88F15-1185-4C97-A078-4C6A1DCD0908}.Debug|x86.ActiveCfg = Debug|Win32
		{F0E88F15-1185-4C97-A078-4C6A1DCD0908}.Debug|x86.Build.0 = Debug|Win32
		{F0E88F15-1185-4C97-A078-4C6A1DCD0908}.Release|x64.ActiveCfg = Release|x64
		{F0E88F15-1185-4C97-A078-4C6A1DCD0908}.Release|x64.Build.0 = Release|x64
		{F0E88F15-1185-4C97-A078-4C6A1DCD0908}.Release|x86.ActiveCfg = Release|Win32
		{F0E88F15-1185-4C97-A078-4C6A1DCD0908}.Release|x86.Build.0 = Release|Win32
	EndGlobalSection
	GlobalSection(SolutionProperties) = preSolution
		HideSolutionNode = FALSE
	EndGlobalSection
	GlobalSection(ExtensibilityGlobals) = postSolution
		SolutionGuid = {DFE66315-9C79-4D34-905A-DB982E0F68A1}
	EndGlobalSection
EndGlobal
